
Microsoft Visual Studio Solution File, Format Version 12.00
# Visual Studio Version 18
VisualStudioVersion = 18.3.11505.172 d18.3
MinimumVisualStudioVersion = 10.0.40219.1
Project("{FAE04EC0-301F-11D3-BF4B-00C04F79EFBC}") = "OfficeAutomation", "OfficeAutomation.csproj", "{8D4B867C-5315-E88E-C7C7-184A51751851}"
EndProject
Global
	GlobalSection(SolutionConfigurationPlatforms) = preSolution
		Debug|Any CPU = Debug|Any CPU
		Release|Any CPU = Release|Any CPU
	EndGlobalSection
	GlobalSection(ProjectConfigurationPlatforms) = postSolution
		{8D4B867C-5315-E88E-C7C7-184A51751851}.Debug|Any CPU.ActiveCfg = Debug|Any CPU
		{8D4B867C-5315-E88E-C7C7-184A51751851}.Debug|Any CPU.Build.0 = Debug|Any CPU
		{8D4B867C-5315-E88E-C7C7-184A51751851}.Release|Any CPU.ActiveCfg = Release|Any CPU
		{8D4B867C-5315-E88E-C7C7-184A51751851}.Release|Any CPU.Build.0 = Release|Any CPU
	EndGlobalSection
	GlobalSection(SolutionProperties) = preSolution
		HideSolutionNode = FALSE
	EndGlobalSection
	GlobalSection(ExtensibilityGlobals) = postSolution
		SolutionGuid = {58FDB95C-2590-4131-A66C-B53FB8349527}
	EndGlobalSection
EndGlobal
